
Microsoft Visual Studio Solution File, Format Version 12.00
# Visual Studio Version 17
VisualStudioVersion = 17.0.31903.59
MinimumVisualStudioVersion = 10.0.40219.1
Project("{2150E333-8FDC-42A3-9474-1A3956D46DE8}") = "src", "src", "{827E0CD3-B72D-47B6-A68D-7590B98EB39B}"
EndProject
Project("{FAE04EC0-301F-11D3-BF4B-00C04F79EFBC}") = "NotificationService.Api", "src\NotificationService.Api\NotificationService.Api.csproj", "{58996B10-8D9D-4484-A6F7-F8848F1AD7D9}"
EndProject
Project("{FAE04EC0-301F-11D3-BF4B-00C04F79EFBC}") = "NotificationService.Data", "src\NotificationService.Data\NotificationService.Data.csproj", "{D8EBD57E-DF47-4841-90B2-6C2CDDEFE747}"
EndProject
Project("{FAE04EC0-301F-11D3-BF4B-00C04F79EFBC}") = "NotificationService.Repository", "src\NotificationService.Repository\NotificationService.Repository.csproj", "{BAD128C1-E7B9-4588-AD0D-F013A16E0ADA}"
EndProject
Project("{FAE04EC0-301F-11D3-BF4B-00C04F79EFBC}") = "NotificationService.InternalModels", "src\NotificationService.InternalModels\NotificationService.InternalModels.csproj", "{A7EAE85F-16EF-4899-BFEA-5DA38D3A8D0A}"
EndProject
Project("{FAE04EC0-301F-11D3-BF4B-00C04F79EFBC}") = "NotificationService.Services", "src\NotificationService.Services\NotificationService.Services.csproj", "{B3503561-2C43-413E-8472-C97F5B2D0A22}"
EndProject
Project("{FAE04EC0-301F-11D3-BF4B-00C04F79EFBC}") = "NotificationService.Utils", "src\NotificationService.Utils\NotificationService.Utils.csproj", "{0D34923F-056F-448A-8B27-D2598B82BC8C}"
EndProject
Global
	GlobalSection(SolutionConfigurationPlatforms) = preSolution
		Debug|Any CPU = Debug|Any CPU
		Debug|x64 = Debug|x64
		Debug|x86 = Debug|x86
		Release|Any CPU = Release|Any CPU
		Release|x64 = Release|x64
		Release|x86 = Release|x86
	EndGlobalSection
	GlobalSection(ProjectConfigurationPlatforms) = postSolution
		{58996B10-8D9D-4484-A6F7-F8848F1AD7D9}.Debug|Any CPU.ActiveCfg = Debug|Any CPU
		{58996B10-8D9D-4484-A6F7-F8848F1AD7D9}.Debug|Any CPU.Build.0 = Debug|Any CPU
		{58996B10-8D9D-4484-A6F7-F8848F1AD7D9}.Debug|x64.ActiveCfg = Debug|Any CPU
		{58996B10-8D9D-4484-A6F7-F8848F1AD7D9}.Debug|x64.Build.0 = Debug|Any CPU
		{58996B10-8D9D-4484-A6F7-F8848F1AD7D9}.Debug|x86.ActiveCfg = Debug|Any CPU
		{58996B10-8D9D-4484-A6F7-F8848F1AD7D9}.Debug|x86.Build.0 = Debug|Any CPU
		{58996B10-8D9D-4484-A6F7-F8848F1AD7D9}.Release|Any CPU.ActiveCfg = Release|Any CPU
		{58996B10-8D9D-4484-A6F7-F8848F1AD7D9}.Release|Any CPU.Build.0 = Release|Any CPU
		{58996B10-8D9D-4484-A6F7-F8848F1AD7D9}.Release|x64.ActiveCfg = Release|Any CPU
		{58996B10-8D9D-4484-A6F7-F8848F1AD7D9}.Release|x64.Build.0 = Release|Any CPU
		{58996B10-8D9D-4484-A6F7-F8848F1AD7D9}.Release|x86.ActiveCfg = Release|Any CPU
		{58996B10-8D9D-4484-A6F7-F8848F1AD7D9}.Release|x86.Build.0 = Release|Any CPU
		{D8EBD57E-DF47-4841-90B2-6C2CDDEFE747}.Debug|Any CPU.ActiveCfg = Debug|Any CPU
		{D8EBD57E-DF47-4841-90B2-6C2CDDEFE747}.Debug|Any CPU.Build.0 = Debug|Any CPU
		{D8EBD57E-DF47-4841-90B2-6C2CDDEFE747}.Debug|x64.ActiveCfg = Debug|Any CPU
		{D8EBD57E-DF47-4841-90B2-6C2CDDEFE747}.Debug|x64.Build.0 = Debug|Any CPU
		{D8EBD57E-DF47-4841-90B2-6C2CDDEFE747}.Debug|x86.ActiveCfg = Debug|Any CPU
		{D8EBD57E-DF47-4841-90B2-6C2CDDEFE747}.Debug|x86.Build.0 = Debug|Any CPU
		{D8EBD57E-DF47-4841-90B2-6C2CDDEFE747}.Release|Any CPU.ActiveCfg = Release|Any CPU
		{D8EBD57E-DF47-4841-90B2-6C2CDDEFE747}.Release|Any CPU.Build.0 = Release|Any CPU
		{D8EBD57E-DF47-4841-90B2-6C2CDDEFE747}.Release|x64.ActiveCfg = Release|Any CPU
		{D8EBD57E-DF47-4841-90B2-6C2CDDEFE747}.Release|x64.Build.0 = Release|Any CPU
		{D8EBD57E-DF47-4841-90B2-6C2CDDEFE747}.Release|x86.ActiveCfg = Release|Any CPU
		{D8EBD57E-DF47-4841-90B2-6C2CDDEFE747}.Release|x86.Build.0 = Release|Any CPU
		{BAD128C1-E7B9-4588-AD0D-F013A16E0ADA}.Debug|Any CPU.ActiveCfg = Debug|Any CPU
		{BAD128C1-E7B9-4588-AD0D-F013A16E0ADA}.Debug|Any CPU.Build.0 = Debug|Any CPU
		{BAD128C1-E7B9-4588-AD0D-F013A16E0ADA}.Debug|x64.ActiveCfg = Debug|Any CPU
		{BAD128C1-E7B9-4588-AD0D-F013A16E0ADA}.Debug|x64.Build.0 = Debug|Any CPU
		{BAD128C1-E7B9-4588-AD0D-F013A16E0ADA}.Debug|x86.ActiveCfg = Debug|Any CPU
		{BAD128C1-E7B9-4588-AD0D-F013A16E0ADA}.Debug|x86.Build.0 = Debug|Any CPU
		{BAD128C1-E7B9-4588-AD0D-F013A16E0ADA}.Release|Any CPU.ActiveCfg = Release|Any CPU
		{BAD128C1-E7B9-4588-AD0D-F013A16E0ADA}.Release|Any CPU.Build.0 = Release|Any CPU
		{BAD128C1-E7B9-4588-AD0D-F013A16E0ADA}.Release|x64.ActiveCfg = Release|Any CPU
		{BAD128C1-E7B9-4588-AD0D-F013A16E0ADA}.Release|x64.Build.0 = Release|Any CPU
		{BAD128C1-E7B9-4588-AD0D-F013A16E0ADA}.Release|x86.ActiveCfg = Release|Any CPU
		{BAD128C1-E7B9-4588-AD0D-F013A16E0ADA}.Release|x86.Build.0 = Release|Any CPU
		{A7EAE85F-16EF-4899-BFEA-5DA38D3A8D0A}.Debug|Any CPU.ActiveCfg = Debug|Any CPU
		{A7EAE85F-16EF-4899-BFEA-5DA38D3A8D0A}.Debug|Any CPU.Build.0 = Debug|Any CPU
		{A7EAE85F-16EF-4899-BFEA-5DA38D3A8D0A}.Debug|x64.ActiveCfg = Debug|Any CPU
		{A7EAE85F-16EF-4899-BFEA-5DA38D3A8D0A}.Debug|x64.Build.0 = Debug|Any CPU
		{A7EAE85F-16EF-4899-BFEA-5DA38D3A8D0A}.Debug|x86.ActiveCfg = Debug|Any CPU
		{A7EAE85F-16EF-4899-BFEA-5DA38D3A8D0A}.Debug|x86.Build.0 = Debug|Any CPU
		{A7EAE85F-16EF-4899-BFEA-5DA38D3A8D0A}.Release|Any CPU.ActiveCfg = Release|Any CPU
		{A7EAE85F-16EF-4899-BFEA-5DA38D3A8D0A}.Release|Any CPU.Build.0 = Release|Any CPU
		{A7EAE85F-16EF-4899-BFEA-5DA38D3A8D0A}.Release|x64.ActiveCfg = Release|Any CPU
		{A7EAE85F-16EF-4899-BFEA-5DA38D3A8D0A}.Release|x64.Build.0 = Release|Any CPU
		{A7EAE85F-16EF-4899-BFEA-5DA38D3A8D0A}.Release|x86.ActiveCfg = Release|Any CPU
		{A7EAE85F-16EF-4899-BFEA-5DA38D3A8D0A}.Release|x86.Build.0 = Release|Any CPU
		{B3503561-2C43-413E-8472-C97F5B2D0A22}.Debug|Any CPU.ActiveCfg = Debug|Any CPU
		{B3503561-2C43-413E-8472-C97F5B2D0A22}.Debug|Any CPU.Build.0 = Debug|Any CPU
		{B3503561-2C43-413E-8472-C97F5B2D0A22}.Debug|x64.ActiveCfg = Debug|Any CPU
		{B3503561-2C43-413E-8472-C97F5B2D0A22}.Debug|x64.Build.0 = Debug|Any CPU
		{B3503561-2C43-413E-8472-C97F5B2D0A22}.Debug|x86.ActiveCfg = Debug|Any CPU
		{B3503561-2C43-413E-8472-C97F5B2D0A22}.Debug|x86.Build.0 = Debug|Any CPU
		{B3503561-2C43-413E-8472-C97F5B2D0A22}.Release|Any CPU.ActiveCfg = Release|Any CPU
		{B3503561-2C43-413E-8472-C97F5B2D0A22}.Release|Any CPU.Build.0 = Release|Any CPU
		{B3503561-2C43-413E-8472-C97F5B2D0A22}.Release|x64.ActiveCfg = Release|Any CPU
		{B3503561-2C43-413E-8472-C97F5B2D0A22}.Release|x64.Build.0 = Release|Any CPU
		{B3503561-2C43-413E-8472-C97F5B2D0A22}.Release|x86.ActiveCfg = Release|Any CPU
		{B3503561-2C43-413E-8472-C97F5B2D0A22}.Release|x86.Build.0 = Release|Any CPU
		{0D34923F-056F-448A-8B27-D2598B82BC8C}.Debug|Any CPU.ActiveCfg = Debug|Any CPU
		{0D34923F-056F-448A-8B27-D2598B82BC8C}.Debug|Any CPU.Build.0 = Debug|Any CPU
		{0D34923F-056F-448A-8B27-D2598B82BC8C}.Debug|x64.ActiveCfg = Debug|Any CPU
		{0D34923F-056F-448A-8B27-D2598B82BC8C}.Debug|x64.Build.0 = Debug|Any CPU
		{0D34923F-056F-448A-8B27-D2598B82BC8C}.Debug|x86.ActiveCfg = Debug|Any CPU
		{0D34923F-056F-448A-8B27-D2598B82BC8C}.Debug|x86.Build.0 = Debug|Any CPU
		{0D34923F-056F-448A-8B27-D2598B82BC8C}.Release|Any CPU.ActiveCfg = Release|Any CPU
		{0D34923F-056F-448A-8B27-D2598B82BC8C}.Release|Any CPU.Build.0 = Release|Any CPU
		{0D34923F-056F-448A-8B27-D2598B82BC8C}.Release|x64.ActiveCfg = Release|Any CPU
		{0D34923F-056F-448A-8B27-D2598B82BC8C}.Release|x64.Build.0 = Release|Any CPU
		{0D34923F-056F-448A-8B27-D2598B82BC8C}.Release|x86.ActiveCfg = Release|Any CPU
		{0D34923F-056F-448A-8B27-D2598B82BC8C}.Release|x86.Build.0 = Release|Any CPU
	EndGlobalSection
	GlobalSection(SolutionProperties) = preSolution
		HideSolutionNode = FALSE
	EndGlobalSection
	GlobalSection(NestedProjects) = preSolution
		{58996B10-8D9D-4484-A6F7-F8848F1AD7D9} = {827E0CD3-B72D-47B6-A68D-7590B98EB39B}
		{D8EBD57E-DF47-4841-90B2-6C2CDDEFE747} = {827E0CD3-B72D-47B6-A68D-7590B98EB39B}
		{BAD128C1-E7B9-4588-AD0D-F013A16E0ADA} = {827E0CD3-B72D-47B6-A68D-7590B98EB39B}
		{A7EAE85F-16EF-4899-BFEA-5DA38D3A8D0A} = {827E0CD3-B72D-47B6-A68D-7590B98EB39B}
		{B3503561-2C43-413E-8472-C97F5B2D0A22} = {827E0CD3-B72D-47B6-A68D-7590B98EB39B}
		{0D34923F-056F-448A-8B27-D2598B82BC8C} = {827E0CD3-B72D-47B6-A68D-7590B98EB39B}
	EndGlobalSection
EndGlobal
